
Microsoft Visual Studio Solution File, Format Version 12.00
# Visual Studio Version 17
VisualStudioVersion = 17.9.34728.123
MinimumVisualStudioVersion = 10.0.40219.1
Project("{2150E333-8FDC-42A3-9474-1A3956D46DE8}") = "API", "API", "{190A2E49-A65C-4E58-AA16-4E494D52AC8B}"
EndProject
Project("{2150E333-8FDC-42A3-9474-1A3956D46DE8}") = "Frontend", "Frontend", "{8722F546-2BA2-4065-97AF-A3FDDD31CB13}"
EndProject
Project("{2150E333-8FDC-42A3-9474-1A3956D46DE8}") = "lib", "lib", "{17B6D6E6-7216-4327-A39C-E7776B501A0C}"
EndProject
Project("{2150E333-8FDC-42A3-9474-1A3956D46DE8}") = "dev", "dev", "{94D0CAD7-3783-49AA-9826-7FB9E54A4FAB}"
EndProject
Project("{2150E333-8FDC-42A3-9474-1A3956D46DE8}") = "build", "build", "{922ABD3D-C219-4670-A801-EB2BC4270904}"
EndProject
Project("{9A19103F-16F7-4668-BE54-9A1E7A4F7556}") = "HomeOwners.Infrastructure", "API\HomeOwners.Infrastructure\HomeOwners.Infrastructure.csproj", "{661C5728-3F3D-4796-A47C-2D1F28897C56}"
EndProject
Project("{9A19103F-16F7-4668-BE54-9A1E7A4F7556}") = "HomeOwners.Application", "API\HomeOwners.Application\HomeOwners.Application.csproj", "{6BB4FCD9-278B-4F17-9B64-B684079B5014}"
EndProject
Project("{9A19103F-16F7-4668-BE54-9A1E7A4F7556}") = "HomeOwners.Domain", "API\HomeOwners.Domain\HomeOwners.Domain.csproj", "{FED2989E-27E0-4EF0-A257-08C86DB7D200}"
EndProject
Project("{9A19103F-16F7-4668-BE54-9A1E7A4F7556}") = "HomeOwners.Lookups", "API\HomeOwners.Lookups\HomeOwners.Lookups.csproj", "{551D2498-F3B4-4CE0-A93D-338D756C17BA}"
EndProject
Project("{9A19103F-16F7-4668-BE54-9A1E7A4F7556}") = "HomeOwners.Web.API", "API\HomeOwners.Web.API\HomeOwners.Web.API.csproj", "{0434DDDE-11B8-4A00-B489-279683C11311}"
EndProject
Project("{2150E333-8FDC-42A3-9474-1A3956D46DE8}") = "Solution Items", "Solution Items", "{2909516A-E412-46C4-9F70-7CFE63195631}"
	ProjectSection(SolutionItems) = preProject
		.gitignore = .gitignore
		.github\workflows\main.yml = .github\workflows\main.yml
		setup.md = setup.md
	EndProjectSection
EndProject
Project("{9A19103F-16F7-4668-BE54-9A1E7A4F7556}") = "HomeOwners.Lib.Configuration", "lib\HomeOwners.Lib.Configuration\HomeOwners.Lib.Configuration.csproj", "{38379B18-B5CA-4C1D-B282-9878CA46A173}"
EndProject
Project("{FAE04EC0-301F-11D3-BF4B-00C04F79EFBC}") = "HomeOwners.Lib.Observability", "lib\HomeOwners.Lib.Observability\HomeOwners.Lib.Observability.csproj", "{8793B362-165F-4A1A-94C3-5B14C32515CF}"
EndProject
Project("{E53339B2-1760-4266-BCC7-CA923CBCF16C}") = "docker-compose", "dev\DockerCompose\docker-compose.dcproj", "{81DDED9D-158B-E303-5F62-77A2896D2A5A}"
EndProject
Project("{FAE04EC0-301F-11D3-BF4B-00C04F79EFBC}") = "HomeOwners.Web.UI", "Frontend\HomeOwners.Web.UI\HomeOwners.Web.UI.csproj", "{FA56BB45-CB39-4B19-8533-99A33E785D11}"
EndProject
Project("{2150E333-8FDC-42A3-9474-1A3956D46DE8}") = "tests", "tests", "{02EA681E-C7D8-13C7-8484-4AC65E1B71E8}"
EndProject
Project("{FAE04EC0-301F-11D3-BF4B-00C04F79EFBC}") = "API.Tests", "tests\API.Tests\API.Tests.csproj", "{105351AD-EFE4-4E52-87A5-99FCF41AC5B6}"
EndProject
Global
	GlobalSection(SolutionConfigurationPlatforms) = preSolution
		Debug|Any CPU = Debug|Any CPU
		Release|Any CPU = Release|Any CPU
	EndGlobalSection
	GlobalSection(ProjectConfigurationPlatforms) = postSolution
		{661C5728-3F3D-4796-A47C-2D1F28897C56}.Debug|Any CPU.ActiveCfg = Debug|Any CPU
		{661C5728-3F3D-4796-A47C-2D1F28897C56}.Debug|Any CPU.Build.0 = Debug|Any CPU
		{661C5728-3F3D-4796-A47C-2D1F28897C56}.Release|Any CPU.ActiveCfg = Release|Any CPU
		{661C5728-3F3D-4796-A47C-2D1F28897C56}.Release|Any CPU.Build.0 = Release|Any CPU
		{6BB4FCD9-278B-4F17-9B64-B684079B5014}.Debug|Any CPU.ActiveCfg = Debug|Any CPU
		{6BB4FCD9-278B-4F17-9B64-B684079B5014}.Debug|Any CPU.Build.0 = Debug|Any CPU
		{6BB4FCD9-278B-4F17-9B64-B684079B5014}.Release|Any CPU.ActiveCfg = Release|Any CPU
		{6BB4FCD9-278B-4F17-9B64-B684079B5014}.Release|Any CPU.Build.0 = Release|Any CPU
		{FED2989E-27E0-4EF0-A257-08C86DB7D200}.Debug|Any CPU.ActiveCfg = Debug|Any CPU
		{FED2989E-27E0-4EF0-A257-08C86DB7D200}.Debug|Any CPU.Build.0 = Debug|Any CPU
		{FED2989E-27E0-4EF0-A257-08C86DB7D200}.Release|Any CPU.ActiveCfg = Release|Any CPU
		{FED2989E-27E0-4EF0-A257-08C86DB7D200}.Release|Any CPU.Build.0 = Release|Any CPU
		{551D2498-F3B4-4CE0-A93D-338D756C17BA}.Debug|Any CPU.ActiveCfg = Debug|Any CPU
		{551D2498-F3B4-4CE0-A93D-338D756C17BA}.Debug|Any CPU.Build.0 = Debug|Any CPU
		{551D2498-F3B4-4CE0-A93D-338D756C17BA}.Release|Any CPU.ActiveCfg = Release|Any CPU
		{551D2498-F3B4-4CE0-A93D-338D756C17BA}.Release|Any CPU.Build.0 = Release|Any CPU
		{0434DDDE-11B8-4A00-B489-279683C11311}.Debug|Any CPU.ActiveCfg = Debug|Any CPU
		{0434DDDE-11B8-4A00-B489-279683C11311}.Debug|Any CPU.Build.0 = Debug|Any CPU
		{0434DDDE-11B8-4A00-B489-279683C11311}.Release|Any CPU.ActiveCfg = Release|Any CPU
		{0434DDDE-11B8-4A00-B489-279683C11311}.Release|Any CPU.Build.0 = Release|Any CPU
		{38379B18-B5CA-4C1D-B282-9878CA46A173}.Debug|Any CPU.ActiveCfg = Debug|Any CPU
		{38379B18-B5CA-4C1D-B282-9878CA46A173}.Debug|Any CPU.Build.0 = Debug|Any CPU
		{38379B18-B5CA-4C1D-B282-9878CA46A173}.Release|Any CPU.ActiveCfg = Release|Any CPU
		{38379B18-B5CA-4C1D-B282-9878CA46A173}.Release|Any CPU.Build.0 = Release|Any CPU
		{8793B362-165F-4A1A-94C3-5B14C32515CF}.Debug|Any CPU.ActiveCfg = Debug|Any CPU
		{8793B362-165F-4A1A-94C3-5B14C32515CF}.Debug|Any CPU.Build.0 = Debug|Any CPU
		{8793B362-165F-4A1A-94C3-5B14C32515CF}.Release|Any CPU.ActiveCfg = Release|Any CPU
		{8793B362-165F-4A1A-94C3-5B14C32515CF}.Release|Any CPU.Build.0 = Release|Any CPU
		{81DDED9D-158B-E303-5F62-77A2896D2A5A}.Debug|Any CPU.ActiveCfg = Debug|Any CPU
		{81DDED9D-158B-E303-5F62-77A2896D2A5A}.Debug|Any CPU.Build.0 = Debug|Any CPU
		{81DDED9D-158B-E303-5F62-77A2896D2A5A}.Release|Any CPU.ActiveCfg = Release|Any CPU
		{81DDED9D-158B-E303-5F62-77A2896D2A5A}.Release|Any CPU.Build.0 = Release|Any CPU
		{FA56BB45-CB39-4B19-8533-99A33E785D11}.Debug|Any CPU.ActiveCfg = Debug|Any CPU
		{FA56BB45-CB39-4B19-8533-99A33E785D11}.Debug|Any CPU.Build.0 = Debug|Any CPU
		{FA56BB45-CB39-4B19-8533-99A33E785D11}.Release|Any CPU.ActiveCfg = Release|Any CPU
		{FA56BB45-CB39-4B19-8533-99A33E785D11}.Release|Any CPU.Build.0 = Release|Any CPU
		{105351AD-EFE4-4E52-87A5-99FCF41AC5B6}.Debug|Any CPU.ActiveCfg = Debug|Any CPU
		{105351AD-EFE4-4E52-87A5-99FCF41AC5B6}.Debug|Any CPU.Build.0 = Debug|Any CPU
		{105351AD-EFE4-4E52-87A5-99FCF41AC5B6}.Release|Any CPU.ActiveCfg = Release|Any CPU
		{105351AD-EFE4-4E52-87A5-99FCF41AC5B6}.Release|Any CPU.Build.0 = Release|Any CPU
	EndGlobalSection
	GlobalSection(SolutionProperties) = preSolution
		HideSolutionNode = FALSE
	EndGlobalSection
	GlobalSection(NestedProjects) = preSolution
		{661C5728-3F3D-4796-A47C-2D1F28897C56} = {190A2E49-A65C-4E58-AA16-4E494D52AC8B}
		{6BB4FCD9-278B-4F17-9B64-B684079B5014} = {190A2E49-A65C-4E58-AA16-4E494D52AC8B}
		{FED2989E-27E0-4EF0-A257-08C86DB7D200} = {190A2E49-A65C-4E58-AA16-4E494D52AC8B}
		{551D2498-F3B4-4CE0-A93D-338D756C17BA} = {190A2E49-A65C-4E58-AA16-4E494D52AC8B}
		{0434DDDE-11B8-4A00-B489-279683C11311} = {190A2E49-A65C-4E58-AA16-4E494D52AC8B}
		{38379B18-B5CA-4C1D-B282-9878CA46A173} = {17B6D6E6-7216-4327-A39C-E7776B501A0C}
		{8793B362-165F-4A1A-94C3-5B14C32515CF} = {17B6D6E6-7216-4327-A39C-E7776B501A0C}
		{81DDED9D-158B-E303-5F62-77A2896D2A5A} = {94D0CAD7-3783-49AA-9826-7FB9E54A4FAB}
		{FA56BB45-CB39-4B19-8533-99A33E785D11} = {8722F546-2BA2-4065-97AF-A3FDDD31CB13}
		{105351AD-EFE4-4E52-87A5-99FCF41AC5B6} = {02EA681E-C7D8-13C7-8484-4AC65E1B71E8}
	EndGlobalSection
	GlobalSection(ExtensibilityGlobals) = postSolution
		SolutionGuid = {73E14D52-F50F-4A7D-A719-73A1E85456E9}
	EndGlobalSection
EndGlobal
